
Microsoft Visual Studio Solution File, Format Version 12.00
# Visual Studio Version 17
VisualStudioVersion = 17.4.33103.184
MinimumVisualStudioVersion = 10.0.40219.1
Project("{FAE04EC0-301F-11D3-BF4B-00C04F79EFBC}") = "App14", "App14.csproj", "{76C2C34E-A2B9-4931-93DB-69E45048B625}"
EndProject
Global
	GlobalSection(SolutionConfigurationPlatforms) = preSolution
		Debug|Any CPU = Debug|Any CPU
		Release|Any CPU = Release|Any CPU
	EndGlobalSection
	GlobalSection(ProjectConfigurationPlatforms) = postSolution
		{76C2C34E-A2B9-4931-93DB-69E45048B625}.Debug|Any CPU.ActiveCfg = Debug|Any CPU
		{76C2C34E-A2B9-4931-93DB-69E45048B625}.Debug|Any CPU.Build.0 = Debug|Any CPU
		{76C2C34E-A2B9-4931-93DB-69E45048B625}.Release|Any CPU.ActiveCfg = Release|Any CPU
		{76C2C34E-A2B9-4931-93DB-69E45048B625}.Release|Any CPU.Build.0 = Release|Any CPU
	EndGlobalSection
	GlobalSection(SolutionProperties) = preSolution
		HideSolutionNode = FALSE
	EndGlobalSection
	GlobalSection(ExtensibilityGlobals) = postSolution
		SolutionGuid = {104595B4-ACC3-448F-9DD4-B5F26D1EA379}
	EndGlobalSection
EndGlobal
