
Microsoft Visual Studio Solution File, Format Version 12.00
# Visual Studio Version 17
VisualStudioVersion = 17.4.33103.184
MinimumVisualStudioVersion = 10.0.40219.1
Project("{FAE04EC0-301F-11D3-BF4B-00C04F79EFBC}") = "App18", "App18.csproj", "{67578D5A-2061-4C75-A0ED-38058207164F}"
EndProject
Global
	GlobalSection(SolutionConfigurationPlatforms) = preSolution
		Debug|Any CPU = Debug|Any CPU
		Release|Any CPU = Release|Any CPU
	EndGlobalSection
	GlobalSection(ProjectConfigurationPlatforms) = postSolution
		{67578D5A-2061-4C75-A0ED-38058207164F}.Debug|Any CPU.ActiveCfg = Debug|Any CPU
		{67578D5A-2061-4C75-A0ED-38058207164F}.Debug|Any CPU.Build.0 = Debug|Any CPU
		{67578D5A-2061-4C75-A0ED-38058207164F}.Release|Any CPU.ActiveCfg = Release|Any CPU
		{67578D5A-2061-4C75-A0ED-38058207164F}.Release|Any CPU.Build.0 = Release|Any CPU
	EndGlobalSection
	GlobalSection(SolutionProperties) = preSolution
		HideSolutionNode = FALSE
	EndGlobalSection
	GlobalSection(ExtensibilityGlobals) = postSolution
		SolutionGuid = {4520BDBC-9BF2-4B68-AF84-8E594E8CCB4C}
	EndGlobalSection
EndGlobal
